
Microsoft Visual Studio Solution File, Format Version 12.00
# Visual Studio Version 17
VisualStudioVersion = 17.0.31717.71
MinimumVisualStudioVersion = 10.0.40219.1
Project("{FAE04EC0-301F-11D3-BF4B-00C04F79EFBC}") = "ProjectLife", "ProjectLife\ProjectLife.csproj", "{D5622D12-0B52-4695-9C6C-43D690803351}"
EndProject
Project("{FAE04EC0-301F-11D3-BF4B-00C04F79EFBC}") = "ConsoleProjectLife", "ConsoleProjectLife\ConsoleProjectLife.csproj", "{DAAC177B-13A7-4B2C-A012-AA7F30306473}"
EndProject
Global
	GlobalSection(SolutionConfigurationPlatforms) = preSolution
		Debug|Any CPU = Debug|Any CPU
		Release|Any CPU = Release|Any CPU
	EndGlobalSection
	GlobalSection(ProjectConfigurationPlatforms) = postSolution
		{D5622D12-0B52-4695-9C6C-43D690803351}.Debug|Any CPU.ActiveCfg = Debug|Any CPU
		{D5622D12-0B52-4695-9C6C-43D690803351}.Debug|Any CPU.Build.0 = Debug|Any CPU
		{D5622D12-0B52-4695-9C6C-43D690803351}.Release|Any CPU.ActiveCfg = Release|Any CPU
		{D5622D12-0B52-4695-9C6C-43D690803351}.Release|Any CPU.Build.0 = Release|Any CPU
		{DAAC177B-13A7-4B2C-A012-AA7F30306473}.Debug|Any CPU.ActiveCfg = Debug|Any CPU
		{DAAC177B-13A7-4B2C-A012-AA7F30306473}.Debug|Any CPU.Build.0 = Debug|Any CPU
		{DAAC177B-13A7-4B2C-A012-AA7F30306473}.Release|Any CPU.ActiveCfg = Release|Any CPU
		{DAAC177B-13A7-4B2C-A012-AA7F30306473}.Release|Any CPU.Build.0 = Release|Any CPU
	EndGlobalSection
	GlobalSection(SolutionProperties) = preSolution
		HideSolutionNode = FALSE
	EndGlobalSection
	GlobalSection(ExtensibilityGlobals) = postSolution
		SolutionGuid = {F473D60E-FD99-4A7A-A789-BD1E7A5F6467}
	EndGlobalSection
EndGlobal
